
Microsoft Visual Studio Solution File, Format Version 12.00
# Visual Studio Version 16
VisualStudioVersion = 16.0.31702.278
MinimumVisualStudioVersion = 10.0.40219.1
Project("{2150E333-8FDC-42A3-9474-1A3956D46DE8}") = "src", "src", "{D1FF3090-B417-4EFC-9035-C84C4B750B72}"
EndProject
Project("{2150E333-8FDC-42A3-9474-1A3956D46DE8}") = "tests", "tests", "{07AB602C-095F-4550-8494-7198CD54A725}"
EndProject
Project("{9A19103F-16F7-4668-BE54-9A1E7A4F7556}") = "Finlex.Quiz2", "src\Finlex.Quiz2\Finlex.Quiz2.csproj", "{8572EA16-B2D2-4A90-853B-BAA017284F6D}"
EndProject
Project("{9A19103F-16F7-4668-BE54-9A1E7A4F7556}") = "Finlex.Quiz2.Tests", "tests\Finlex.Quiz2.Tests\Finlex.Quiz2.Tests.csproj", "{4AEA5428-E888-4977-899B-7128E4C08E3C}"
EndProject
Project("{FAE04EC0-301F-11D3-BF4B-00C04F79EFBC}") = "Finlex.Quiz2.Interfaces", "src\Finlex.Quiz2.Interfaces\Finlex.Quiz2.Interfaces.csproj", "{4BEE72B4-664B-49D2-8464-55C928CED950}"
EndProject
Project("{FAE04EC0-301F-11D3-BF4B-00C04F79EFBC}") = "Finlex.Quiz2.Core", "src\Finlex.Quiz2.Core\Finlex.Quiz2.Core.csproj", "{20B2475F-3EBA-4057-811E-ACA67278E8B3}"
EndProject
Global
	GlobalSection(SolutionConfigurationPlatforms) = preSolution
		Debug|Any CPU = Debug|Any CPU
		Release|Any CPU = Release|Any CPU
	EndGlobalSection
	GlobalSection(ProjectConfigurationPlatforms) = postSolution
		{8572EA16-B2D2-4A90-853B-BAA017284F6D}.Debug|Any CPU.ActiveCfg = Debug|Any CPU
		{8572EA16-B2D2-4A90-853B-BAA017284F6D}.Debug|Any CPU.Build.0 = Debug|Any CPU
		{8572EA16-B2D2-4A90-853B-BAA017284F6D}.Release|Any CPU.ActiveCfg = Release|Any CPU
		{8572EA16-B2D2-4A90-853B-BAA017284F6D}.Release|Any CPU.Build.0 = Release|Any CPU
		{4AEA5428-E888-4977-899B-7128E4C08E3C}.Debug|Any CPU.ActiveCfg = Debug|Any CPU
		{4AEA5428-E888-4977-899B-7128E4C08E3C}.Debug|Any CPU.Build.0 = Debug|Any CPU
		{4AEA5428-E888-4977-899B-7128E4C08E3C}.Release|Any CPU.ActiveCfg = Release|Any CPU
		{4AEA5428-E888-4977-899B-7128E4C08E3C}.Release|Any CPU.Build.0 = Release|Any CPU
		{4BEE72B4-664B-49D2-8464-55C928CED950}.Debug|Any CPU.ActiveCfg = Debug|Any CPU
		{4BEE72B4-664B-49D2-8464-55C928CED950}.Debug|Any CPU.Build.0 = Debug|Any CPU
		{4BEE72B4-664B-49D2-8464-55C928CED950}.Release|Any CPU.ActiveCfg = Release|Any CPU
		{4BEE72B4-664B-49D2-8464-55C928CED950}.Release|Any CPU.Build.0 = Release|Any CPU
		{20B2475F-3EBA-4057-811E-ACA67278E8B3}.Debug|Any CPU.ActiveCfg = Debug|Any CPU
		{20B2475F-3EBA-4057-811E-ACA67278E8B3}.Debug|Any CPU.Build.0 = Debug|Any CPU
		{20B2475F-3EBA-4057-811E-ACA67278E8B3}.Release|Any CPU.ActiveCfg = Release|Any CPU
		{20B2475F-3EBA-4057-811E-ACA67278E8B3}.Release|Any CPU.Build.0 = Release|Any CPU
	EndGlobalSection
	GlobalSection(SolutionProperties) = preSolution
		HideSolutionNode = FALSE
	EndGlobalSection
	GlobalSection(NestedProjects) = preSolution
		{8572EA16-B2D2-4A90-853B-BAA017284F6D} = {D1FF3090-B417-4EFC-9035-C84C4B750B72}
		{4AEA5428-E888-4977-899B-7128E4C08E3C} = {07AB602C-095F-4550-8494-7198CD54A725}
		{4BEE72B4-664B-49D2-8464-55C928CED950} = {D1FF3090-B417-4EFC-9035-C84C4B750B72}
		{20B2475F-3EBA-4057-811E-ACA67278E8B3} = {D1FF3090-B417-4EFC-9035-C84C4B750B72}
	EndGlobalSection
	GlobalSection(ExtensibilityGlobals) = postSolution
		SolutionGuid = {598722DF-7DE0-4F1F-A073-12E39A129B71}
	EndGlobalSection
EndGlobal
